
Microsoft Visual Studio Solution File, Format Version 12.00
# Visual Studio Version 17
VisualStudioVersion = 17.7.34202.233
MinimumVisualStudioVersion = 10.0.40219.1
Project("{FAE04EC0-301F-11D3-BF4B-00C04F79EFBC}") = "ImgPrint", "ImgPrint\ImgPrint.csproj", "{C863E7D1-E10D-493A-B8C7-247C8352CE13}"
EndProject
Project("{FAE04EC0-301F-11D3-BF4B-00C04F79EFBC}") = "ImgPrintCore", "ImgPrintCore\ImgPrintCore.csproj", "{620B11DB-5AFF-404E-B8AA-C1A1FB14A9D9}"
EndProject
Global
	GlobalSection(SolutionConfigurationPlatforms) = preSolution
		Debug|Any CPU = Debug|Any CPU
		Release|Any CPU = Release|Any CPU
	EndGlobalSection
	GlobalSection(ProjectConfigurationPlatforms) = postSolution
		{C863E7D1-E10D-493A-B8C7-247C8352CE13}.Debug|Any CPU.ActiveCfg = Debug|Any CPU
		{C863E7D1-E10D-493A-B8C7-247C8352CE13}.Debug|Any CPU.Build.0 = Debug|Any CPU
		{C863E7D1-E10D-493A-B8C7-247C8352CE13}.Release|Any CPU.ActiveCfg = Release|Any CPU
		{C863E7D1-E10D-493A-B8C7-247C8352CE13}.Release|Any CPU.Build.0 = Release|Any CPU
		{620B11DB-5AFF-404E-B8AA-C1A1FB14A9D9}.Debug|Any CPU.ActiveCfg = Debug|Any CPU
		{620B11DB-5AFF-404E-B8AA-C1A1FB14A9D9}.Debug|Any CPU.Build.0 = Debug|Any CPU
		{620B11DB-5AFF-404E-B8AA-C1A1FB14A9D9}.Release|Any CPU.ActiveCfg = Release|Any CPU
		{620B11DB-5AFF-404E-B8AA-C1A1FB14A9D9}.Release|Any CPU.Build.0 = Release|Any CPU
	EndGlobalSection
	GlobalSection(SolutionProperties) = preSolution
		HideSolutionNode = FALSE
	EndGlobalSection
	GlobalSection(ExtensibilityGlobals) = postSolution
		SolutionGuid = {BE365890-BFF8-4455-AA1E-522E8985F58F}
	EndGlobalSection
EndGlobal
